// !$*UTF8*$!
{
	archiveVersion = 1;
	classes = {
	};
	objectVersion = 50;
	objects = {

/* Begin PBXBuildFile section */
		83F0B629265A44C200D5D342 /* AppDelegate.swift in Sources */ = {isa = PBXBuildFile; fileRef = 83F0B628265A44C200D5D342 /* AppDelegate.swift */; };
		83F0B62B265A44C200D5D342 /* SceneDelegate.swift in Sources */ = {isa = PBXBuildFile; fileRef = 83F0B62A265A44C200D5D342 /* SceneDelegate.swift */; };
		83F0B62D265A44C200D5D342 /* ViewController.swift in Sources */ = {isa = PBXBuildFile; fileRef = 83F0B62C265A44C200D5D342 /* ViewController.swift */; };
		83F0B630265A44C200D5D342 /* Main.storyboard in Resources */ = {isa = PBXBuildFile; fileRef = 83F0B62E265A44C200D5D342 /* Main.storyboard */; };
		83F0B632265A44C300D5D342 /* Assets.xcassets in Resources */ = {isa = PBXBuildFile; fileRef = 83F0B631265A44C300D5D342 /* Assets.xcassets */; };
		83F0B635265A44C300D5D342 /* LaunchScreen.storyboard in Resources */ = {isa = PBXBuildFile; fileRef = 83F0B633265A44C300D5D342 /* LaunchScreen.storyboard */; };
		83F0B63D265A493A00D5D342 /* appstore.json in Resources */ = {isa = PBXBuildFile; fileRef = 83F0B63C265A493A00D5D342 /* appstore.json */; };
		83F0B63F265A4A6900D5D342 /* App.swift in Sources */ = {isa = PBXBuildFile; fileRef = 83F0B63E265A4A6900D5D342 /* App.swift */; };
		83F0B641265A4AF000D5D342 /* AppList.swift in Sources */ = {isa = PBXBuildFile; fileRef = 83F0B640265A4AF000D5D342 /* AppList.swift */; };
		83F0B643265A529700D5D342 /* FeaturedAppCell.swift in Sources */ = {isa = PBXBuildFile; fileRef = 83F0B642265A529700D5D342 /* FeaturedAppCell.swift */; };
		83F0B646265A5E8900D5D342 /* UIView+Extensions.swift in Sources */ = {isa = PBXBuildFile; fileRef = 83F0B645265A5E8900D5D342 /* UIView+Extensions.swift */; };
		83F0B648265A5F8A00D5D342 /* UIStackView+Extensions.swift in Sources */ = {isa = PBXBuildFile; fileRef = 83F0B647265A5F8A00D5D342 /* UIStackView+Extensions.swift */; };
		83F0B64A265A94DA00D5D342 /* MediumTableAppCell.swift in Sources */ = {isa = PBXBuildFile; fileRef = 83F0B649265A94DA00D5D342 /* MediumTableAppCell.swift */; };
		83F0B64C265A9D3400D5D342 /* SmallTableAppCell.swift in Sources */ = {isa = PBXBuildFile; fileRef = 83F0B64B265A9D3400D5D342 /* SmallTableAppCell.swift */; };
/* End PBXBuildFile section */

/* Begin PBXFileReference section */
		83F0B625265A44C200D5D342 /* AppStoreLike.app */ = {isa = PBXFileReference; explicitFileType = wrapper.application; includeInIndex = 0; path = AppStoreLike.app; sourceTree = BUILT_PRODUCTS_DIR; };
		83F0B628265A44C200D5D342 /* AppDelegate.swift */ = {isa = PBXFileReference; lastKnownFileType = sourcecode.swift; path = AppDelegate.swift; sourceTree = "<group>"; };
		83F0B62A265A44C200D5D342 /* SceneDelegate.swift */ = {isa = PBXFileReference; lastKnownFileType = sourcecode.swift; path = SceneDelegate.swift; sourceTree = "<group>"; };
		83F0B62C265A44C200D5D342 /* ViewController.swift */ = {isa = PBXFileReference; lastKnownFileType = sourcecode.swift; path = ViewController.swift; sourceTree = "<group>"; };
		83F0B62F265A44C200D5D342 /* Base */ = {isa = PBXFileReference; lastKnownFileType = file.storyboard; name = Base; path = Base.lproj/Main.storyboard; sourceTree = "<group>"; };
		83F0B631265A44C300D5D342 /* Assets.xcassets */ = {isa = PBXFileReference; lastKnownFileType = folder.assetcatalog; path = Assets.xcassets; sourceTree = "<group>"; };
		83F0B634265A44C300D5D342 /* Base */ = {isa = PBXFileReference; lastKnownFileType = file.storyboard; name = Base; path = Base.lproj/LaunchScreen.storyboard; sourceTree = "<group>"; };
		83F0B636265A44C300D5D342 /* Info.plist */ = {isa = PBXFileReference; lastKnownFileType = text.plist.xml; path = Info.plist; sourceTree = "<group>"; };
		83F0B63C265A493A00D5D342 /* appstore.json */ = {isa = PBXFileReference; lastKnownFileType = text.json; path = appstore.json; sourceTree = "<group>"; };
		83F0B63E265A4A6900D5D342 /* App.swift */ = {isa = PBXFileReference; lastKnownFileType = sourcecode.swift; path = App.swift; sourceTree = "<group>"; };
		83F0B640265A4AF000D5D342 /* AppList.swift */ = {isa = PBXFileReference; lastKnownFileType = sourcecode.swift; path = AppList.swift; sourceTree = "<group>"; };
		83F0B642265A529700D5D342 /* FeaturedAppCell.swift */ = {isa = PBXFileReference; lastKnownFileType = sourcecode.swift; path = FeaturedAppCell.swift; sourceTree = "<group>"; };
		83F0B645265A5E8900D5D342 /* UIView+Extensions.swift */ = {isa = PBXFileReference; lastKnownFileType = sourcecode.swift; path = "UIView+Extensions.swift"; sourceTree = "<group>"; };
		83F0B647265A5F8A00D5D342 /* UIStackView+Extensions.swift */ = {isa = PBXFileReference; lastKnownFileType = sourcecode.swift; name = "UIStackView+Extensions.swift"; path = "AppStoreLike/UIStackView+Extensions.swift"; sourceTree = SOURCE_ROOT; };
		83F0B649265A94DA00D5D342 /* MediumTableAppCell.swift */ = {isa = PBXFileReference; lastKnownFileType = sourcecode.swift; path = MediumTableAppCell.swift; sourceTree = "<group>"; };
		83F0B64B265A9D3400D5D342 /* SmallTableAppCell.swift */ = {isa = PBXFileReference; lastKnownFileType = sourcecode.swift; path = SmallTableAppCell.swift; sourceTree = SOURCE_ROOT; };
/* End PBXFileReference section */

/* Begin PBXFrameworksBuildPhase section */
		83F0B622265A44C200D5D342 /* Frameworks */ = {
			isa = PBXFrameworksBuildPhase;
			buildActionMask = 2147483647;
			files = (
			);
			runOnlyForDeploymentPostprocessing = 0;
		};
/* End PBXFrameworksBuildPhase section */

/* Begin PBXGroup section */
		83F0B61C265A44C200D5D342 = {
			isa = PBXGroup;
			children = (
				83F0B627265A44C200D5D342 /* AppStoreLike */,
				83F0B626265A44C200D5D342 /* Products */,
			);
			sourceTree = "<group>";
		};
		83F0B626265A44C200D5D342 /* Products */ = {
			isa = PBXGroup;
			children = (
				83F0B625265A44C200D5D342 /* AppStoreLike.app */,
			);
			name = Products;
			sourceTree = "<group>";
		};
		83F0B627265A44C200D5D342 /* AppStoreLike */ = {
			isa = PBXGroup;
			children = (
				83F0B64B265A9D3400D5D342 /* SmallTableAppCell.swift */,
				83F0B628265A44C200D5D342 /* AppDelegate.swift */,
				83F0B62A265A44C200D5D342 /* SceneDelegate.swift */,
				83F0B62C265A44C200D5D342 /* ViewController.swift */,
				83F0B649265A94DA00D5D342 /* MediumTableAppCell.swift */,
				83F0B642265A529700D5D342 /* FeaturedAppCell.swift */,
				83F0B63E265A4A6900D5D342 /* App.swift */,
				83F0B640265A4AF000D5D342 /* AppList.swift */,
				83F0B644265A5E5500D5D342 /* Extension */,
				83F0B63C265A493A00D5D342 /* appstore.json */,
				83F0B62E265A44C200D5D342 /* Main.storyboard */,
				83F0B631265A44C300D5D342 /* Assets.xcassets */,
				83F0B633265A44C300D5D342 /* LaunchScreen.storyboard */,
				83F0B636265A44C300D5D342 /* Info.plist */,
			);
			path = AppStoreLike;
			sourceTree = "<group>";
		};
		83F0B644265A5E5500D5D342 /* Extension */ = {
			isa = PBXGroup;
			children = (
				83F0B647265A5F8A00D5D342 /* UIStackView+Extensions.swift */,
				83F0B645265A5E8900D5D342 /* UIView+Extensions.swift */,
			);
			path = Extension;
			sourceTree = "<group>";
		};
/* End PBXGroup section */

/* Begin PBXNativeTarget section */
		83F0B624265A44C200D5D342 /* AppStoreLike */ = {
			isa = PBXNativeTarget;
			buildConfigurationList = 83F0B639265A44C300D5D342 /* Build configuration list for PBXNativeTarget "AppStoreLike" */;
			buildPhases = (
				83F0B621265A44C200D5D342 /* Sources */,
				83F0B622265A44C200D5D342 /* Frameworks */,
				83F0B623265A44C200D5D342 /* Resources */,
			);
			buildRules = (
			);
			dependencies = (
			);
			name = AppStoreLike;
			productName = AppStoreLike;
			productReference = 83F0B625265A44C200D5D342 /* AppStoreLike.app */;
			productType = "com.apple.product-type.application";
		};
/* End PBXNativeTarget section */

/* Begin PBXProject section */
		83F0B61D265A44C200D5D342 /* Project object */ = {
			isa = PBXProject;
			attributes = {
				LastSwiftUpdateCheck = 1250;
				LastUpgradeCheck = 1250;
				TargetAttributes = {
					83F0B624265A44C200D5D342 = {
						CreatedOnToolsVersion = 12.5;
					};
				};
			};
			buildConfigurationList = 83F0B620265A44C200D5D342 /* Build configuration list for PBXProject "AppStoreLike" */;
			compatibilityVersion = "Xcode 9.3";
			developmentRegion = en;
			hasScannedForEncodings = 0;
			knownRegions = (
				en,
				Base,
			);
			mainGroup = 83F0B61C265A44C200D5D342;
			productRefGroup = 83F0B626265A44C200D5D342 /* Products */;
			projectDirPath = "";
			projectRoot = "";
			targets = (
				83F0B624265A44C200D5D342 /* AppStoreLike */,
			);
		};
/* End PBXProject section */

/* Begin PBXResourcesBuildPhase section */
		83F0B623265A44C200D5D342 /* Resources */ = {
			isa = PBXResourcesBuildPhase;
			buildActionMask = 2147483647;
			files = (
				83F0B635265A44C300D5D342 /* LaunchScreen.storyboard in Resources */,
				83F0B632265A44C300D5D342 /* Assets.xcassets in Resources */,
				83F0B630265A44C200D5D342 /* Main.storyboard in Resources */,
				83F0B63D265A493A00D5D342 /* appstore.json in Resources */,
			);
			runOnlyForDeploymentPostprocessing = 0;
		};
/* End PBXResourcesBuildPhase section */

/* Begin PBXSourcesBuildPhase section */
		83F0B621265A44C200D5D342 /* Sources */ = {
			isa = PBXSourcesBuildPhase;
			buildActionMask = 2147483647;
			files = (
				83F0B64A265A94DA00D5D342 /* MediumTableAppCell.swift in Sources */,
				83F0B646265A5E8900D5D342 /* UIView+Extensions.swift in Sources */,
				83F0B648265A5F8A00D5D342 /* UIStackView+Extensions.swift in Sources */,
				83F0B62D265A44C200D5D342 /* ViewController.swift in Sources */,
				83F0B64C265A9D3400D5D342 /* SmallTableAppCell.swift in Sources */,
				83F0B643265A529700D5D342 /* FeaturedAppCell.swift in Sources */,
				83F0B63F265A4A6900D5D342 /* App.swift in Sources */,
				83F0B629265A44C200D5D342 /* AppDelegate.swift in Sources */,
				83F0B641265A4AF000D5D342 /* AppList.swift in Sources */,
				83F0B62B265A44C200D5D342 /* SceneDelegate.swift in Sources */,
			);
			runOnlyForDeploymentPostprocessing = 0;
		};
/* End PBXSourcesBuildPhase section */

/* Begin PBXVariantGroup section */
		83F0B62E265A44C200D5D342 /* Main.storyboard */ = {
			isa = PBXVariantGroup;
			children = (
				83F0B62F265A44C200D5D342 /* Base */,
			);
			name = Main.storyboard;
			sourceTree = "<group>";
		};
		83F0B633265A44C300D5D342 /* LaunchScreen.storyboard */ = {
			isa = PBXVariantGroup;
			children = (
				83F0B634265A44C300D5D342 /* Base */,
			);
			name = LaunchScreen.storyboard;
			sourceTree = "<group>";
		};
/* End PBXVariantGroup section */

/* Begin XCBuildConfiguration section */
		83F0B637265A44C300D5D342 /* Debug */ = {
			isa = XCBuildConfiguration;
			buildSettings = {
				ALWAYS_SEARCH_USER_PATHS = NO;
				CLANG_ANALYZER_NONNULL = YES;
				CLANG_ANALYZER_NUMBER_OBJECT_CONVERSION = YES_AGGRESSIVE;
				CLANG_CXX_LANGUAGE_STANDARD = "gnu++14";
				CLANG_CXX_LIBRARY = "libc++";
				CLANG_ENABLE_MODULES = YES;
				CLANG_ENABLE_OBJC_ARC = YES;
				CLANG_ENABLE_OBJC_WEAK = YES;
				CLANG_WARN_BLOCK_CAPTURE_AUTORELEASING = YES;
				CLANG_WARN_BOOL_CONVERSION = YES;
				CLANG_WARN_COMMA = YES;
				CLANG_WARN_CONSTANT_CONVERSION = YES;
				CLANG_WARN_DEPRECATED_OBJC_IMPLEMENTATIONS = YES;
				CLANG_WARN_DIRECT_OBJC_ISA_USAGE = YES_ERROR;
				CLANG_WARN_DOCUMENTATION_COMMENTS = YES;
				CLANG_WARN_EMPTY_BODY = YES;
				CLANG_WARN_ENUM_CONVERSION = YES;
				CLANG_WARN_INFINITE_RECURSION = YES;
				CLANG_WARN_INT_CONVERSION = YES;
				CLANG_WARN_NON_LITERAL_NULL_CONVERSION = YES;
				CLANG_WARN_OBJC_IMPLICIT_RETAIN_SELF = YES;
				CLANG_WARN_OBJC_LITERAL_CONVERSION = YES;
				CLANG_WARN_OBJC_ROOT_CLASS = YES_ERROR;
				CLANG_WARN_QUOTED_INCLUDE_IN_FRAMEWORK_HEADER = YES;
				CLANG_WARN_RANGE_LOOP_ANALYSIS = YES;
				CLANG_WARN_STRICT_PROTOTYPES = YES;
				CLANG_WARN_SUSPICIOUS_MOVE = YES;
				CLANG_WARN_UNGUARDED_AVAILABILITY = YES_AGGRESSIVE;
				CLANG_WARN_UNREACHABLE_CODE = YES;
				CLANG_WARN__DUPLICATE_METHOD_MATCH = YES;
				COPY_PHASE_STRIP = NO;
				DEBUG_INFORMATION_FORMAT = dwarf;
				ENABLE_STRICT_OBJC_MSGSEND = YES;
				ENABLE_TESTABILITY = YES;
				GCC_C_LANGUAGE_STANDARD = gnu11;
				GCC_DYNAMIC_NO_PIC = NO;
				GCC_NO_COMMON_BLOCKS = YES;
				GCC_OPTIMIZATION_LEVEL = 0;
				GCC_PREPROCESSOR_DEFINITIONS = (
					"DEBUG=1",
					"$(inherited)",
				);
				GCC_WARN_64_TO_32_BIT_CONVERSION = YES;
				GCC_WARN_ABOUT_RETURN_TYPE = YES_ERROR;
				GCC_WARN_UNDECLARED_SELECTOR = YES;
				GCC_WARN_UNINITIALIZED_AUTOS = YES_AGGRESSIVE;
				GCC_WARN_UNUSED_FUNCTION = YES;
				GCC_WARN_UNUSED_VARIABLE = YES;
				IPHONEOS_DEPLOYMENT_TARGET = 14.5;
				MTL_ENABLE_DEBUG_INFO = INCLUDE_SOURCE;
				MTL_FAST_MATH = YES;
				ONLY_ACTIVE_ARCH = YES;
				SDKROOT = iphoneos;
				SWIFT_ACTIVE_COMPILATION_CONDITIONS = DEBUG;
				SWIFT_OPTIMIZATION_LEVEL = "-Onone";
			};
			name = Debug;
		};
		83F0B638265A44C300D5D342 /* Release */ = {
			isa = XCBuildConfiguration;
			buildSettings = {
				ALWAYS_SEARCH_USER_PATHS = NO;
				CLANG_ANALYZER_NONNULL = YES;
				CLANG_ANALYZER_NUMBER_OBJECT_CONVERSION = YES_AGGRESSIVE;
				CLANG_CXX_LANGUAGE_STANDARD = "gnu++14";
				CLANG_CXX_LIBRARY = "libc++";
				CLANG_ENABLE_MODULES = YES;
				CLANG_ENABLE_OBJC_ARC = YES;
				CLANG_ENABLE_OBJC_WEAK = YES;
				CLANG_WARN_BLOCK_CAPTURE_AUTORELEASING = YES;
				CLANG_WARN_BOOL_CONVERSION = YES;
				CLANG_WARN_COMMA = YES;
				CLANG_WARN_CONSTANT_CONVERSION = YES;
				CLANG_WARN_DEPRECATED_OBJC_IMPLEMENTATIONS = YES;
				CLANG_WARN_DIRECT_OBJC_ISA_USAGE = YES_ERROR;
				CLANG_WARN_DOCUMENTATION_COMMENTS = YES;
				CLANG_WARN_EMPTY_BODY = YES;
				CLANG_WARN_ENUM_CONVERSION = YES;
				CLANG_WARN_INFINITE_RECURSION = YES;
				CLANG_WARN_INT_CONVERSION = YES;
				CLANG_WARN_NON_LITERAL_NULL_CONVERSION = YES;
				CLANG_WARN_OBJC_IMPLICIT_RETAIN_SELF = YES;
				CLANG_WARN_OBJC_LITERAL_CONVERSION = YES;
				CLANG_WARN_OBJC_ROOT_CLASS = YES_ERROR;
				CLANG_WARN_QUOTED_INCLUDE_IN_FRAMEWORK_HEADER = YES;
				CLANG_WARN_RANGE_LOOP_ANALYSIS = YES;
				CLANG_WARN_STRICT_PROTOTYPES = YES;
				CLANG_WARN_SUSPICIOUS_MOVE = YES;
				CLANG_WARN_UNGUARDED_AVAILABILITY = YES_AGGRESSIVE;
				CLANG_WARN_UNREACHABLE_CODE = YES;
				CLANG_WARN__DUPLICATE_METHOD_MATCH = YES;
				COPY_PHASE_STRIP = NO;
				DEBUG_INFORMATION_FORMAT = "dwarf-with-dsym";
				ENABLE_NS_ASSERTIONS = NO;
				ENABLE_STRICT_OBJC_MSGSEND = YES;
				GCC_C_LANGUAGE_STANDARD = gnu11;
				GCC_NO_COMMON_BLOCKS = YES;
				GCC_WARN_64_TO_32_BIT_CONVERSION = YES;
				GCC_WARN_ABOUT_RETURN_TYPE = YES_ERROR;
				GCC_WARN_UNDECLARED_SELECTOR = YES;
				GCC_WARN_UNINITIALIZED_AUTOS = YES_AGGRESSIVE;
				GCC_WARN_UNUSED_FUNCTION = YES;
				GCC_WARN_UNUSED_VARIABLE = YES;
				IPHONEOS_DEPLOYMENT_TARGET = 14.5;
				MTL_ENABLE_DEBUG_INFO = NO;
				MTL_FAST_MATH = YES;
				SDKROOT = iphoneos;
				SWIFT_COMPILATION_MODE = wholemodule;
				SWIFT_OPTIMIZATION_LEVEL = "-O";
				VALIDATE_PRODUCT = YES;
			};
			name = Release;
		};
		83F0B63A265A44C300D5D342 /* Debug */ = {
			isa = XCBuildConfiguration;
			buildSettings = {
				ASSETCATALOG_COMPILER_APPICON_NAME = AppIcon;
				ASSETCATALOG_COMPILER_GLOBAL_ACCENT_COLOR_NAME = AccentColor;
				CODE_SIGN_STYLE = Automatic;
				DEVELOPMENT_TEAM = 95963Q828L;
				INFOPLIST_FILE = AppStoreLike/Info.plist;
				LD_RUNPATH_SEARCH_PATHS = (
					"$(inherited)",
					"@executable_path/Frameworks",
				);
				PRODUCT_BUNDLE_IDENTIFIER = ozumin.AppStoreLike;
				PRODUCT_NAME = "$(TARGET_NAME)";
				SWIFT_VERSION = 5.0;
				TARGETED_DEVICE_FAMILY = "1,2";
			};
			name = Debug;
		};
		83F0B63B265A44C300D5D342 /* Release */ = {
			isa = XCBuildConfiguration;
			buildSettings = {
				ASSETCATALOG_COMPILER_APPICON_NAME = AppIcon;
				ASSETCATALOG_COMPILER_GLOBAL_ACCENT_COLOR_NAME = AccentColor;
				CODE_SIGN_STYLE = Automatic;
				DEVELOPMENT_TEAM = 95963Q828L;
				INFOPLIST_FILE = AppStoreLike/Info.plist;
				LD_RUNPATH_SEARCH_PATHS = (
					"$(inherited)",
					"@executable_path/Frameworks",
				);
				PRODUCT_BUNDLE_IDENTIFIER = ozumin.AppStoreLike;
				PRODUCT_NAME = "$(TARGET_NAME)";
				SWIFT_VERSION = 5.0;
				TARGETED_DEVICE_FAMILY = "1,2";
			};
			name = Release;
		};
/* End XCBuildConfiguration section */

/* Begin XCConfigurationList section */
		83F0B620265A44C200D5D342 /* Build configuration list for PBXProject "AppStoreLike" */ = {
			isa = XCConfigurationList;
			buildConfigurations = (
				83F0B637265A44C300D5D342 /* Debug */,
				83F0B638265A44C300D5D342 /* Release */,
			);
			defaultConfigurationIsVisible = 0;
			defaultConfigurationName = Release;
		};
		83F0B639265A44C300D5D342 /* Build configuration list for PBXNativeTarget "AppStoreLike" */ = {
			isa = XCConfigurationList;
			buildConfigurations = (
				83F0B63A265A44C300D5D342 /* Debug */,
				83F0B63B265A44C300D5D342 /* Release */,
			);
			defaultConfigurationIsVisible = 0;
			defaultConfigurationName = Release;
		};
/* End XCConfigurationList section */
	};
	rootObject = 83F0B61D265A44C200D5D342 /* Project object */;
}
